
Microsoft Visual Studio Solution File, Format Version 12.00
# Visual Studio 15
VisualStudioVersion = 15.0.26430.6
MinimumVisualStudioVersion = 10.0.40219.1
Project("{FAE04EC0-301F-11D3-BF4B-00C04F79EFBC}") = "Scorponok.Gateway.Pagamento.Unit.Test", "src\Scorponok.Gateway.Pagamento.Unit.Test\Scorponok.Gateway.Pagamento.Unit.Test.csproj", "{F94ECED9-4714-4030-8F13-D9AAC32C2DED}"
EndProject
Global
	GlobalSection(SolutionConfigurationPlatforms) = preSolution
		Debug|Any CPU = Debug|Any CPU
		Release|Any CPU = Release|Any CPU
	EndGlobalSection
	GlobalSection(ProjectConfigurationPlatforms) = postSolution
		{F94ECED9-4714-4030-8F13-D9AAC32C2DED}.Debug|Any CPU.ActiveCfg = Debug|Any CPU
		{F94ECED9-4714-4030-8F13-D9AAC32C2DED}.Debug|Any CPU.Build.0 = Debug|Any CPU
		{F94ECED9-4714-4030-8F13-D9AAC32C2DED}.Release|Any CPU.ActiveCfg = Release|Any CPU
		{F94ECED9-4714-4030-8F13-D9AAC32C2DED}.Release|Any CPU.Build.0 = Release|Any CPU
	EndGlobalSection
	GlobalSection(SolutionProperties) = preSolution
		HideSolutionNode = FALSE
	EndGlobalSection
EndGlobal
