
Microsoft Visual Studio Solution File, Format Version 12.00
# Visual Studio 15
VisualStudioVersion = 15.0.27130.2027
MinimumVisualStudioVersion = 10.0.40219.1
Project("{2150E333-8FDC-42A3-9474-1A3956D46DE8}") = "4.Domain", "4.Domain", "{8A361E68-51F2-4468-A7A3-46E80AC1E538}"
EndProject
Project("{2150E333-8FDC-42A3-9474-1A3956D46DE8}") = "1.Presentation", "1.Presentation", "{6E44E3AE-ED00-4AC7-8194-E43A756D8ED4}"
EndProject
Project("{2150E333-8FDC-42A3-9474-1A3956D46DE8}") = "3.Application", "3.Application", "{A80D0FEA-2294-4B48-8AFB-71F753D173FB}"
EndProject
Project("{2150E333-8FDC-42A3-9474-1A3956D46DE8}") = "5.Infra", "5.Infra", "{05B77673-0628-4B36-9C30-8C1C80D74E6F}"
EndProject
Project("{2150E333-8FDC-42A3-9474-1A3956D46DE8}") = "6.Tests", "6.Tests", "{B1B9435A-3F4F-4E1E-97DB-4E9D96B28DDA}"
EndProject
Project("{2150E333-8FDC-42A3-9474-1A3956D46DE8}") = "2.Services", "2.Services", "{6CE8CDA8-4873-4A73-9986-CCBDC6324F9F}"
EndProject
Project("{2150E333-8FDC-42A3-9474-1A3956D46DE8}") = "Gateway", "Gateway", "{A7671ECB-747F-449E-A39C-984EBCA9E2B5}"
EndProject
Project("{2150E333-8FDC-42A3-9474-1A3956D46DE8}") = "Adquirentes", "Adquirentes", "{89A28FD1-0EF5-4996-88AF-FD30C43AFE93}"
EndProject
Project("{9A19103F-16F7-4668-BE54-9A1E7A4F7556}") = "Scorponok.Gateway.Pagamento.Services.Cliente", "src\Scorponok.Gateway.Pagamento.Services.Cliente\Scorponok.Gateway.Pagamento.Services.Cliente.csproj", "{471BA454-2920-4F0D-A275-057FF354BAF5}"
EndProject
Project("{2150E333-8FDC-42A3-9474-1A3956D46DE8}") = "1.Presentation", "1.Presentation", "{CA1FFE4D-EA4D-4CF1-8C15-29CA64D2402D}"
EndProject
Project("{2150E333-8FDC-42A3-9474-1A3956D46DE8}") = "2.Services", "2.Services", "{29456859-5AF3-4CB8-8BB4-B5951F13DAB4}"
EndProject
Project("{2150E333-8FDC-42A3-9474-1A3956D46DE8}") = "3.Application", "3.Application", "{2B25251E-FF52-4D9D-90BD-F241AAE473C4}"
EndProject
Project("{2150E333-8FDC-42A3-9474-1A3956D46DE8}") = "4.Domain", "4.Domain", "{51B712E6-F1A3-4743-A0B0-1BDA840F4FB1}"
EndProject
Project("{2150E333-8FDC-42A3-9474-1A3956D46DE8}") = "5.Infra", "5.Infra", "{9AEE2975-3D29-450B-9281-B301E480E53D}"
EndProject
Project("{2150E333-8FDC-42A3-9474-1A3956D46DE8}") = "6.Tests", "6.Tests", "{AECE1BFA-3319-4680-B5BF-A143CE2790DC}"
EndProject
Project("{2150E333-8FDC-42A3-9474-1A3956D46DE8}") = "Shared", "Shared", "{DFBF9A6A-DCCA-48DD-8BA3-CEC1EAE7597B}"
EndProject
Project("{9A19103F-16F7-4668-BE54-9A1E7A4F7556}") = "Scorponok.Shared.Utility", "Shared\src\Scorponok.Gateway.Pagamento.Infra.Cross.Cutting.Utility\Scorponok.Shared.Utility.csproj", "{5DA7D198-157E-45F4-8BD2-1194229ADD1D}"
EndProject
Project("{9A19103F-16F7-4668-BE54-9A1E7A4F7556}") = "Scorponok.Gateway.Pagamento.Unit.Test", "Gateway\src\Scorponok.Gateway.Pagamento.Unit.Test\Scorponok.Gateway.Pagamento.Unit.Test.csproj", "{639A6CBA-DEEB-4078-A063-EAEB141C8EB8}"
EndProject
Project("{9A19103F-16F7-4668-BE54-9A1E7A4F7556}") = "Scorponok.Gateway.Pagamento.Unit.Test.Integration", "Gateway\src\Scorponok.Gateway.Pagamento.Unit.Test.Integration\Scorponok.Gateway.Pagamento.Unit.Test.Integration.csproj", "{5BDF2FEF-14FE-4467-8F19-8F88B485B572}"
EndProject
Project("{9A19103F-16F7-4668-BE54-9A1E7A4F7556}") = "Scorponok.Gateway.Pagamento.Infra.Cross.Cutting.Bus", "Gateway\src\Scorponok.Gateway.Pagamento.Infra.Cross.Cutting.Bus\Scorponok.Gateway.Pagamento.Infra.Cross.Cutting.Bus.csproj", "{B925F60B-0425-4E99-8CC0-AF32020C1462}"
EndProject
Project("{9A19103F-16F7-4668-BE54-9A1E7A4F7556}") = "Scorponok.Gateway.Pagamento.Cross.Cutting.Data", "Gateway\src\Scorponok.Gateway.Pagamento.Data\Scorponok.Gateway.Pagamento.Cross.Cutting.Data.csproj", "{A9A5A0D9-64C3-4EDD-A7B4-875D56122F9C}"
EndProject
Project("{9A19103F-16F7-4668-BE54-9A1E7A4F7556}") = "Scorponok.Gateway.Pagamento.Domain", "Gateway\src\Scorponok.Gateway.Pagamento.Domain\Scorponok.Gateway.Pagamento.Domain.csproj", "{53E05FE4-7931-4425-9A6B-71BBDB3844D1}"
EndProject
Project("{9A19103F-16F7-4668-BE54-9A1E7A4F7556}") = "Scorponok.Gateway.Pagamento.Domain.Core", "Gateway\src\Scorponok.Gateway.Pagamento.Domain.Core\Scorponok.Gateway.Pagamento.Domain.Core.csproj", "{94A2F183-EC94-42CC-AF18-5A02E50FAC64}"
EndProject
Project("{9A19103F-16F7-4668-BE54-9A1E7A4F7556}") = "Scorponok.Gateway.Pagamento.Services.Entity", "Gateway\src\Scorponok.Gateway.Pagamento.Services\Scorponok.Gateway.Pagamento.Services.Entity.csproj", "{481EC5BC-0D45-46CD-B0FA-14F6A1E7D8E2}"
EndProject
Project("{9A19103F-16F7-4668-BE54-9A1E7A4F7556}") = "Scorponok.Adquirente.Web.UI.Api", "Adquirentes\src\Scorponok.Adquirente.Web.UI.Api\Scorponok.Adquirente.Web.UI.Api.csproj", "{AFEA22F7-F845-4FE6-998F-FF343BBB628F}"
EndProject
Project("{9A19103F-16F7-4668-BE54-9A1E7A4F7556}") = "Scorponok.Adquirente.Pagamento.Unit.Test.Integration", "Adquirentes\src\Scorponok.Adquirente.Pagamento.Unit.Test.Integration\Scorponok.Adquirente.Pagamento.Unit.Test.Integration.csproj", "{0D3B27DD-0FFD-41C5-B269-65911EF8DBC6}"
EndProject
Project("{9A19103F-16F7-4668-BE54-9A1E7A4F7556}") = "Scorponok.Adquirente.Pagamento.Unit.Test", "Adquirentes\src\Scorponok.Adquirente.Pagamento.Unit.Test\Scorponok.Adquirente.Pagamento.Unit.Test.csproj", "{D05AE7C5-B22E-433A-AC7B-2EDBB616E0CB}"
EndProject
Project("{FAE04EC0-301F-11D3-BF4B-00C04F79EFBC}") = "Scorponok.Shared.Contracts.Messages", "Shared\src\Scorponok.Shared.Contracts.Messages\Scorponok.Shared.Contracts.Messages.csproj", "{00EBD7C2-BA1A-490A-B567-D66160DBACB1}"
EndProject
Global
	GlobalSection(SolutionConfigurationPlatforms) = preSolution
		Debug|Any CPU = Debug|Any CPU
		Release|Any CPU = Release|Any CPU
	EndGlobalSection
	GlobalSection(ProjectConfigurationPlatforms) = postSolution
		{471BA454-2920-4F0D-A275-057FF354BAF5}.Debug|Any CPU.ActiveCfg = Debug|Any CPU
		{471BA454-2920-4F0D-A275-057FF354BAF5}.Debug|Any CPU.Build.0 = Debug|Any CPU
		{471BA454-2920-4F0D-A275-057FF354BAF5}.Release|Any CPU.ActiveCfg = Release|Any CPU
		{471BA454-2920-4F0D-A275-057FF354BAF5}.Release|Any CPU.Build.0 = Release|Any CPU
		{5DA7D198-157E-45F4-8BD2-1194229ADD1D}.Debug|Any CPU.ActiveCfg = Debug|Any CPU
		{5DA7D198-157E-45F4-8BD2-1194229ADD1D}.Debug|Any CPU.Build.0 = Debug|Any CPU
		{5DA7D198-157E-45F4-8BD2-1194229ADD1D}.Release|Any CPU.ActiveCfg = Release|Any CPU
		{5DA7D198-157E-45F4-8BD2-1194229ADD1D}.Release|Any CPU.Build.0 = Release|Any CPU
		{639A6CBA-DEEB-4078-A063-EAEB141C8EB8}.Debug|Any CPU.ActiveCfg = Debug|Any CPU
		{639A6CBA-DEEB-4078-A063-EAEB141C8EB8}.Debug|Any CPU.Build.0 = Debug|Any CPU
		{639A6CBA-DEEB-4078-A063-EAEB141C8EB8}.Release|Any CPU.ActiveCfg = Release|Any CPU
		{639A6CBA-DEEB-4078-A063-EAEB141C8EB8}.Release|Any CPU.Build.0 = Release|Any CPU
		{5BDF2FEF-14FE-4467-8F19-8F88B485B572}.Debug|Any CPU.ActiveCfg = Debug|Any CPU
		{5BDF2FEF-14FE-4467-8F19-8F88B485B572}.Debug|Any CPU.Build.0 = Debug|Any CPU
		{5BDF2FEF-14FE-4467-8F19-8F88B485B572}.Release|Any CPU.ActiveCfg = Release|Any CPU
		{5BDF2FEF-14FE-4467-8F19-8F88B485B572}.Release|Any CPU.Build.0 = Release|Any CPU
		{B925F60B-0425-4E99-8CC0-AF32020C1462}.Debug|Any CPU.ActiveCfg = Debug|Any CPU
		{B925F60B-0425-4E99-8CC0-AF32020C1462}.Debug|Any CPU.Build.0 = Debug|Any CPU
		{B925F60B-0425-4E99-8CC0-AF32020C1462}.Release|Any CPU.ActiveCfg = Release|Any CPU
		{B925F60B-0425-4E99-8CC0-AF32020C1462}.Release|Any CPU.Build.0 = Release|Any CPU
		{A9A5A0D9-64C3-4EDD-A7B4-875D56122F9C}.Debug|Any CPU.ActiveCfg = Debug|Any CPU
		{A9A5A0D9-64C3-4EDD-A7B4-875D56122F9C}.Debug|Any CPU.Build.0 = Debug|Any CPU
		{A9A5A0D9-64C3-4EDD-A7B4-875D56122F9C}.Release|Any CPU.ActiveCfg = Release|Any CPU
		{A9A5A0D9-64C3-4EDD-A7B4-875D56122F9C}.Release|Any CPU.Build.0 = Release|Any CPU
		{53E05FE4-7931-4425-9A6B-71BBDB3844D1}.Debug|Any CPU.ActiveCfg = Debug|Any CPU
		{53E05FE4-7931-4425-9A6B-71BBDB3844D1}.Debug|Any CPU.Build.0 = Debug|Any CPU
		{53E05FE4-7931-4425-9A6B-71BBDB3844D1}.Release|Any CPU.ActiveCfg = Release|Any CPU
		{53E05FE4-7931-4425-9A6B-71BBDB3844D1}.Release|Any CPU.Build.0 = Release|Any CPU
		{94A2F183-EC94-42CC-AF18-5A02E50FAC64}.Debug|Any CPU.ActiveCfg = Debug|Any CPU
		{94A2F183-EC94-42CC-AF18-5A02E50FAC64}.Debug|Any CPU.Build.0 = Debug|Any CPU
		{94A2F183-EC94-42CC-AF18-5A02E50FAC64}.Release|Any CPU.ActiveCfg = Release|Any CPU
		{94A2F183-EC94-42CC-AF18-5A02E50FAC64}.Release|Any CPU.Build.0 = Release|Any CPU
		{481EC5BC-0D45-46CD-B0FA-14F6A1E7D8E2}.Debug|Any CPU.ActiveCfg = Debug|Any CPU
		{481EC5BC-0D45-46CD-B0FA-14F6A1E7D8E2}.Debug|Any CPU.Build.0 = Debug|Any CPU
		{481EC5BC-0D45-46CD-B0FA-14F6A1E7D8E2}.Release|Any CPU.ActiveCfg = Release|Any CPU
		{481EC5BC-0D45-46CD-B0FA-14F6A1E7D8E2}.Release|Any CPU.Build.0 = Release|Any CPU
		{AFEA22F7-F845-4FE6-998F-FF343BBB628F}.Debug|Any CPU.ActiveCfg = Debug|Any CPU
		{AFEA22F7-F845-4FE6-998F-FF343BBB628F}.Debug|Any CPU.Build.0 = Debug|Any CPU
		{AFEA22F7-F845-4FE6-998F-FF343BBB628F}.Release|Any CPU.ActiveCfg = Release|Any CPU
		{AFEA22F7-F845-4FE6-998F-FF343BBB628F}.Release|Any CPU.Build.0 = Release|Any CPU
		{0D3B27DD-0FFD-41C5-B269-65911EF8DBC6}.Debug|Any CPU.ActiveCfg = Debug|Any CPU
		{0D3B27DD-0FFD-41C5-B269-65911EF8DBC6}.Debug|Any CPU.Build.0 = Debug|Any CPU
		{0D3B27DD-0FFD-41C5-B269-65911EF8DBC6}.Release|Any CPU.ActiveCfg = Release|Any CPU
		{0D3B27DD-0FFD-41C5-B269-65911EF8DBC6}.Release|Any CPU.Build.0 = Release|Any CPU
		{D05AE7C5-B22E-433A-AC7B-2EDBB616E0CB}.Debug|Any CPU.ActiveCfg = Debug|Any CPU
		{D05AE7C5-B22E-433A-AC7B-2EDBB616E0CB}.Debug|Any CPU.Build.0 = Debug|Any CPU
		{D05AE7C5-B22E-433A-AC7B-2EDBB616E0CB}.Release|Any CPU.ActiveCfg = Release|Any CPU
		{D05AE7C5-B22E-433A-AC7B-2EDBB616E0CB}.Release|Any CPU.Build.0 = Release|Any CPU
		{00EBD7C2-BA1A-490A-B567-D66160DBACB1}.Debug|Any CPU.ActiveCfg = Debug|Any CPU
		{00EBD7C2-BA1A-490A-B567-D66160DBACB1}.Debug|Any CPU.Build.0 = Debug|Any CPU
		{00EBD7C2-BA1A-490A-B567-D66160DBACB1}.Release|Any CPU.ActiveCfg = Release|Any CPU
		{00EBD7C2-BA1A-490A-B567-D66160DBACB1}.Release|Any CPU.Build.0 = Release|Any CPU
	EndGlobalSection
	GlobalSection(SolutionProperties) = preSolution
		HideSolutionNode = FALSE
	EndGlobalSection
	GlobalSection(NestedProjects) = preSolution
		{8A361E68-51F2-4468-A7A3-46E80AC1E538} = {A7671ECB-747F-449E-A39C-984EBCA9E2B5}
		{6E44E3AE-ED00-4AC7-8194-E43A756D8ED4} = {A7671ECB-747F-449E-A39C-984EBCA9E2B5}
		{A80D0FEA-2294-4B48-8AFB-71F753D173FB} = {A7671ECB-747F-449E-A39C-984EBCA9E2B5}
		{05B77673-0628-4B36-9C30-8C1C80D74E6F} = {A7671ECB-747F-449E-A39C-984EBCA9E2B5}
		{B1B9435A-3F4F-4E1E-97DB-4E9D96B28DDA} = {A7671ECB-747F-449E-A39C-984EBCA9E2B5}
		{6CE8CDA8-4873-4A73-9986-CCBDC6324F9F} = {A7671ECB-747F-449E-A39C-984EBCA9E2B5}
		{471BA454-2920-4F0D-A275-057FF354BAF5} = {6CE8CDA8-4873-4A73-9986-CCBDC6324F9F}
		{CA1FFE4D-EA4D-4CF1-8C15-29CA64D2402D} = {89A28FD1-0EF5-4996-88AF-FD30C43AFE93}
		{29456859-5AF3-4CB8-8BB4-B5951F13DAB4} = {89A28FD1-0EF5-4996-88AF-FD30C43AFE93}
		{2B25251E-FF52-4D9D-90BD-F241AAE473C4} = {89A28FD1-0EF5-4996-88AF-FD30C43AFE93}
		{51B712E6-F1A3-4743-A0B0-1BDA840F4FB1} = {89A28FD1-0EF5-4996-88AF-FD30C43AFE93}
		{9AEE2975-3D29-450B-9281-B301E480E53D} = {89A28FD1-0EF5-4996-88AF-FD30C43AFE93}
		{AECE1BFA-3319-4680-B5BF-A143CE2790DC} = {89A28FD1-0EF5-4996-88AF-FD30C43AFE93}
		{5DA7D198-157E-45F4-8BD2-1194229ADD1D} = {DFBF9A6A-DCCA-48DD-8BA3-CEC1EAE7597B}
		{639A6CBA-DEEB-4078-A063-EAEB141C8EB8} = {B1B9435A-3F4F-4E1E-97DB-4E9D96B28DDA}
		{5BDF2FEF-14FE-4467-8F19-8F88B485B572} = {B1B9435A-3F4F-4E1E-97DB-4E9D96B28DDA}
		{B925F60B-0425-4E99-8CC0-AF32020C1462} = {05B77673-0628-4B36-9C30-8C1C80D74E6F}
		{A9A5A0D9-64C3-4EDD-A7B4-875D56122F9C} = {05B77673-0628-4B36-9C30-8C1C80D74E6F}
		{53E05FE4-7931-4425-9A6B-71BBDB3844D1} = {8A361E68-51F2-4468-A7A3-46E80AC1E538}
		{94A2F183-EC94-42CC-AF18-5A02E50FAC64} = {8A361E68-51F2-4468-A7A3-46E80AC1E538}
		{481EC5BC-0D45-46CD-B0FA-14F6A1E7D8E2} = {6CE8CDA8-4873-4A73-9986-CCBDC6324F9F}
		{AFEA22F7-F845-4FE6-998F-FF343BBB628F} = {CA1FFE4D-EA4D-4CF1-8C15-29CA64D2402D}
		{0D3B27DD-0FFD-41C5-B269-65911EF8DBC6} = {AECE1BFA-3319-4680-B5BF-A143CE2790DC}
		{D05AE7C5-B22E-433A-AC7B-2EDBB616E0CB} = {AECE1BFA-3319-4680-B5BF-A143CE2790DC}
		{00EBD7C2-BA1A-490A-B567-D66160DBACB1} = {DFBF9A6A-DCCA-48DD-8BA3-CEC1EAE7597B}
	EndGlobalSection
	GlobalSection(ExtensibilityGlobals) = postSolution
		SolutionGuid = {30133B6E-6EB8-4322-A7E4-270FF855802D}
	EndGlobalSection
EndGlobal
